
Microsoft Visual Studio Solution File, Format Version 11.00
# Visual Studio 2010
Project("{FAE04EC0-301F-11D3-BF4B-00C04F79EFBC}") = "Assembly-CSharp", "Assembly-CSharp.csproj", "{72573b1d-11f4-4534-bb36-d21c7fe76ba6}"
EndProject
Global
	GlobalSection(SolutionConfigurationPlatforms) = preSolution
		Debug|Any CPU = Debug|Any CPU
		Release|Any CPU = Release|Any CPU
	EndGlobalSection
	GlobalSection(ProjectConfigurationPlatforms) = postSolution
		{72573b1d-11f4-4534-bb36-d21c7fe76ba6}.Debug|Any CPU.ActiveCfg = Debug|Any CPU
		{72573b1d-11f4-4534-bb36-d21c7fe76ba6}.Debug|Any CPU.Build.0 = Debug|Any CPU
		{72573b1d-11f4-4534-bb36-d21c7fe76ba6}.Release|Any CPU.ActiveCfg = Release|Any CPU
		{72573b1d-11f4-4534-bb36-d21c7fe76ba6}.Release|Any CPU.Build.0 = Release|Any CPU
	EndGlobalSection
	GlobalSection(SolutionProperties) = preSolution
		HideSolutionNode = FALSE
	EndGlobalSection
EndGlobal
